// !$*UTF8*$!
{
	archiveVersion = 1;
	classes = {
	};
	objectVersion = 56;
	objects = {

/* Begin PBXBuildFile section */
		1CCA52A62B02268A00796AC0 /* QuestionCollectionViewCell.swift in Sources */ = {isa = PBXBuildFile; fileRef = 1CCA52A42B02268A00796AC0 /* QuestionCollectionViewCell.swift */; };
		1CCA52A72B02268A00796AC0 /* QuestionCollectionViewCell.xib in Resources */ = {isa = PBXBuildFile; fileRef = 1CCA52A52B02268A00796AC0 /* QuestionCollectionViewCell.xib */; };
		1CDB15652B033A56006DA2EE /* String+Extension.swift in Sources */ = {isa = PBXBuildFile; fileRef = 1CDB15642B033A56006DA2EE /* String+Extension.swift */; };
		1CDB15672B037057006DA2EE /* ScoreAlertViewController.swift in Sources */ = {isa = PBXBuildFile; fileRef = 1CDB15662B037057006DA2EE /* ScoreAlertViewController.swift */; };
		C968EE032B00860B009FFB49 /* HomeViewController.swift in Sources */ = {isa = PBXBuildFile; fileRef = C968EE022B00860B009FFB49 /* HomeViewController.swift */; };
		C968EE072B00A85F009FFB49 /* UIColor+Extension.swift in Sources */ = {isa = PBXBuildFile; fileRef = C968EE062B00A85F009FFB49 /* UIColor+Extension.swift */; };
		C968EE0A2B00C06C009FFB49 /* UIView+Extension.swift in Sources */ = {isa = PBXBuildFile; fileRef = C968EE092B00C06C009FFB49 /* UIView+Extension.swift */; };
		C96F1F222B0108D7000F9F51 /* UIStoryboard+Extension.swift in Sources */ = {isa = PBXBuildFile; fileRef = C96F1F212B0108D7000F9F51 /* UIStoryboard+Extension.swift */; };
		C96F1F252B010A0C000F9F51 /* QuizViewController.swift in Sources */ = {isa = PBXBuildFile; fileRef = C96F1F242B010A0C000F9F51 /* QuizViewController.swift */; };
		C96F1F292B0118F9000F9F51 /* NetworkManager.swift in Sources */ = {isa = PBXBuildFile; fileRef = C96F1F282B0118F9000F9F51 /* NetworkManager.swift */; };
		C96F1F2B2B011C3C000F9F51 /* AppErrors.swift in Sources */ = {isa = PBXBuildFile; fileRef = C96F1F2A2B011C3C000F9F51 /* AppErrors.swift */; };
		C96F1F2D2B0127E9000F9F51 /* QuizUIViewController+ViewModel.swift in Sources */ = {isa = PBXBuildFile; fileRef = C96F1F2C2B0127E9000F9F51 /* QuizUIViewController+ViewModel.swift */; };
		C96F1F302B01294A000F9F51 /* Quiz.swift in Sources */ = {isa = PBXBuildFile; fileRef = C96F1F2F2B01294A000F9F51 /* Quiz.swift */; };
		C96F1F342B013A10000F9F51 /* Lottie in Frameworks */ = {isa = PBXBuildFile; productRef = C96F1F332B013A10000F9F51 /* Lottie */; };
		C96F1F382B013B70000F9F51 /* quiAnimationTwo.json in Resources */ = {isa = PBXBuildFile; fileRef = C96F1F372B013B70000F9F51 /* quiAnimationTwo.json */; };
		C99BD5452AFF508200B9C43B /* Montserrat-ExtraLightItalic.ttf in Resources */ = {isa = PBXBuildFile; fileRef = C99BD5332AFF508100B9C43B /* Montserrat-ExtraLightItalic.ttf */; };
		C99BD5462AFF508200B9C43B /* Montserrat-SemiBoldItalic.ttf in Resources */ = {isa = PBXBuildFile; fileRef = C99BD5342AFF508100B9C43B /* Montserrat-SemiBoldItalic.ttf */; };
		C99BD5472AFF508200B9C43B /* Montserrat-ThinItalic.ttf in Resources */ = {isa = PBXBuildFile; fileRef = C99BD5352AFF508100B9C43B /* Montserrat-ThinItalic.ttf */; };
		C99BD5482AFF508200B9C43B /* Montserrat-ExtraBoldItalic.ttf in Resources */ = {isa = PBXBuildFile; fileRef = C99BD5362AFF508200B9C43B /* Montserrat-ExtraBoldItalic.ttf */; };
		C99BD5492AFF508200B9C43B /* Montserrat-ExtraBold.ttf in Resources */ = {isa = PBXBuildFile; fileRef = C99BD5372AFF508200B9C43B /* Montserrat-ExtraBold.ttf */; };
		C99BD54A2AFF508200B9C43B /* Montserrat-BlackItalic.ttf in Resources */ = {isa = PBXBuildFile; fileRef = C99BD5382AFF508200B9C43B /* Montserrat-BlackItalic.ttf */; };
		C99BD54B2AFF508200B9C43B /* Montserrat-Bold.ttf in Resources */ = {isa = PBXBuildFile; fileRef = C99BD5392AFF508200B9C43B /* Montserrat-Bold.ttf */; };
		C99BD54C2AFF508200B9C43B /* Montserrat-Medium.ttf in Resources */ = {isa = PBXBuildFile; fileRef = C99BD53A2AFF508200B9C43B /* Montserrat-Medium.ttf */; };
		C99BD54D2AFF508200B9C43B /* Montserrat-SemiBold.ttf in Resources */ = {isa = PBXBuildFile; fileRef = C99BD53B2AFF508200B9C43B /* Montserrat-SemiBold.ttf */; };
		C99BD54E2AFF508200B9C43B /* Montserrat-LightItalic.ttf in Resources */ = {isa = PBXBuildFile; fileRef = C99BD53C2AFF508200B9C43B /* Montserrat-LightItalic.ttf */; };
		C99BD54F2AFF508200B9C43B /* Montserrat-Regular.ttf in Resources */ = {isa = PBXBuildFile; fileRef = C99BD53D2AFF508200B9C43B /* Montserrat-Regular.ttf */; };
		C99BD5502AFF508200B9C43B /* Montserrat-MediumItalic.ttf in Resources */ = {isa = PBXBuildFile; fileRef = C99BD53E2AFF508200B9C43B /* Montserrat-MediumItalic.ttf */; };
		C99BD5512AFF508200B9C43B /* Montserrat-ExtraLight.ttf in Resources */ = {isa = PBXBuildFile; fileRef = C99BD53F2AFF508200B9C43B /* Montserrat-ExtraLight.ttf */; };
		C99BD5522AFF508200B9C43B /* Montserrat-BoldItalic.ttf in Resources */ = {isa = PBXBuildFile; fileRef = C99BD5402AFF508200B9C43B /* Montserrat-BoldItalic.ttf */; };
		C99BD5532AFF508200B9C43B /* Montserrat-Black.ttf in Resources */ = {isa = PBXBuildFile; fileRef = C99BD5412AFF508200B9C43B /* Montserrat-Black.ttf */; };
		C99BD5542AFF508200B9C43B /* Montserrat-Light.ttf in Resources */ = {isa = PBXBuildFile; fileRef = C99BD5422AFF508200B9C43B /* Montserrat-Light.ttf */; };
		C99BD5552AFF508200B9C43B /* Montserrat-Italic.ttf in Resources */ = {isa = PBXBuildFile; fileRef = C99BD5432AFF508200B9C43B /* Montserrat-Italic.ttf */; };
		C99BD5562AFF508200B9C43B /* Montserrat-Thin.ttf in Resources */ = {isa = PBXBuildFile; fileRef = C99BD5442AFF508200B9C43B /* Montserrat-Thin.ttf */; };
		C9C0DB682AFF470900C34694 /* AppDelegate.swift in Sources */ = {isa = PBXBuildFile; fileRef = C9C0DB672AFF470900C34694 /* AppDelegate.swift */; };
		C9C0DB6A2AFF470900C34694 /* SceneDelegate.swift in Sources */ = {isa = PBXBuildFile; fileRef = C9C0DB692AFF470900C34694 /* SceneDelegate.swift */; };
		C9C0DB6F2AFF470900C34694 /* Main.storyboard in Resources */ = {isa = PBXBuildFile; fileRef = C9C0DB6D2AFF470900C34694 /* Main.storyboard */; };
		C9C0DB712AFF470A00C34694 /* Assets.xcassets in Resources */ = {isa = PBXBuildFile; fileRef = C9C0DB702AFF470A00C34694 /* Assets.xcassets */; };
		C9C0DB742AFF470A00C34694 /* LaunchScreen.storyboard in Resources */ = {isa = PBXBuildFile; fileRef = C9C0DB722AFF470A00C34694 /* LaunchScreen.storyboard */; };
/* End PBXBuildFile section */

/* Begin PBXFileReference section */
		1CCA52A42B02268A00796AC0 /* QuestionCollectionViewCell.swift */ = {isa = PBXFileReference; lastKnownFileType = sourcecode.swift; path = QuestionCollectionViewCell.swift; sourceTree = "<group>"; };
		1CCA52A52B02268A00796AC0 /* QuestionCollectionViewCell.xib */ = {isa = PBXFileReference; lastKnownFileType = file.xib; path = QuestionCollectionViewCell.xib; sourceTree = "<group>"; };
		1CDB15642B033A56006DA2EE /* String+Extension.swift */ = {isa = PBXFileReference; lastKnownFileType = sourcecode.swift; path = "String+Extension.swift"; sourceTree = "<group>"; };
		1CDB15662B037057006DA2EE /* ScoreAlertViewController.swift */ = {isa = PBXFileReference; lastKnownFileType = sourcecode.swift; path = ScoreAlertViewController.swift; sourceTree = "<group>"; };
		C968EE022B00860B009FFB49 /* HomeViewController.swift */ = {isa = PBXFileReference; lastKnownFileType = sourcecode.swift; path = HomeViewController.swift; sourceTree = "<group>"; };
		C968EE062B00A85F009FFB49 /* UIColor+Extension.swift */ = {isa = PBXFileReference; lastKnownFileType = sourcecode.swift; path = "UIColor+Extension.swift"; sourceTree = "<group>"; };
		C968EE092B00C06C009FFB49 /* UIView+Extension.swift */ = {isa = PBXFileReference; lastKnownFileType = sourcecode.swift; path = "UIView+Extension.swift"; sourceTree = "<group>"; };
		C96F1F212B0108D7000F9F51 /* UIStoryboard+Extension.swift */ = {isa = PBXFileReference; lastKnownFileType = sourcecode.swift; path = "UIStoryboard+Extension.swift"; sourceTree = "<group>"; };
		C96F1F242B010A0C000F9F51 /* QuizViewController.swift */ = {isa = PBXFileReference; lastKnownFileType = sourcecode.swift; path = QuizViewController.swift; sourceTree = "<group>"; };
		C96F1F282B0118F9000F9F51 /* NetworkManager.swift */ = {isa = PBXFileReference; lastKnownFileType = sourcecode.swift; path = NetworkManager.swift; sourceTree = "<group>"; };
		C96F1F2A2B011C3C000F9F51 /* AppErrors.swift */ = {isa = PBXFileReference; lastKnownFileType = sourcecode.swift; path = AppErrors.swift; sourceTree = "<group>"; };
		C96F1F2C2B0127E9000F9F51 /* QuizUIViewController+ViewModel.swift */ = {isa = PBXFileReference; lastKnownFileType = sourcecode.swift; path = "QuizUIViewController+ViewModel.swift"; sourceTree = "<group>"; };
		C96F1F2F2B01294A000F9F51 /* Quiz.swift */ = {isa = PBXFileReference; lastKnownFileType = sourcecode.swift; path = Quiz.swift; sourceTree = "<group>"; };
		C96F1F372B013B70000F9F51 /* quiAnimationTwo.json */ = {isa = PBXFileReference; fileEncoding = 4; lastKnownFileType = text.json; path = quiAnimationTwo.json; sourceTree = "<group>"; };
		C99BD5332AFF508100B9C43B /* Montserrat-ExtraLightItalic.ttf */ = {isa = PBXFileReference; lastKnownFileType = file; path = "Montserrat-ExtraLightItalic.ttf"; sourceTree = "<group>"; };
		C99BD5342AFF508100B9C43B /* Montserrat-SemiBoldItalic.ttf */ = {isa = PBXFileReference; lastKnownFileType = file; path = "Montserrat-SemiBoldItalic.ttf"; sourceTree = "<group>"; };
		C99BD5352AFF508100B9C43B /* Montserrat-ThinItalic.ttf */ = {isa = PBXFileReference; lastKnownFileType = file; path = "Montserrat-ThinItalic.ttf"; sourceTree = "<group>"; };
		C99BD5362AFF508200B9C43B /* Montserrat-ExtraBoldItalic.ttf */ = {isa = PBXFileReference; lastKnownFileType = file; path = "Montserrat-ExtraBoldItalic.ttf"; sourceTree = "<group>"; };
		C99BD5372AFF508200B9C43B /* Montserrat-ExtraBold.ttf */ = {isa = PBXFileReference; lastKnownFileType = file; path = "Montserrat-ExtraBold.ttf"; sourceTree = "<group>"; };
		C99BD5382AFF508200B9C43B /* Montserrat-BlackItalic.ttf */ = {isa = PBXFileReference; lastKnownFileType = file; path = "Montserrat-BlackItalic.ttf"; sourceTree = "<group>"; };
		C99BD5392AFF508200B9C43B /* Montserrat-Bold.ttf */ = {isa = PBXFileReference; lastKnownFileType = file; path = "Montserrat-Bold.ttf"; sourceTree = "<group>"; };
		C99BD53A2AFF508200B9C43B /* Montserrat-Medium.ttf */ = {isa = PBXFileReference; lastKnownFileType = file; path = "Montserrat-Medium.ttf"; sourceTree = "<group>"; };
		C99BD53B2AFF508200B9C43B /* Montserrat-SemiBold.ttf */ = {isa = PBXFileReference; lastKnownFileType = file; path = "Montserrat-SemiBold.ttf"; sourceTree = "<group>"; };
		C99BD53C2AFF508200B9C43B /* Montserrat-LightItalic.ttf */ = {isa = PBXFileReference; lastKnownFileType = file; path = "Montserrat-LightItalic.ttf"; sourceTree = "<group>"; };
		C99BD53D2AFF508200B9C43B /* Montserrat-Regular.ttf */ = {isa = PBXFileReference; lastKnownFileType = file; path = "Montserrat-Regular.ttf"; sourceTree = "<group>"; };
		C99BD53E2AFF508200B9C43B /* Montserrat-MediumItalic.ttf */ = {isa = PBXFileReference; lastKnownFileType = file; path = "Montserrat-MediumItalic.ttf"; sourceTree = "<group>"; };
		C99BD53F2AFF508200B9C43B /* Montserrat-ExtraLight.ttf */ = {isa = PBXFileReference; lastKnownFileType = file; path = "Montserrat-ExtraLight.ttf"; sourceTree = "<group>"; };
		C99BD5402AFF508200B9C43B /* Montserrat-BoldItalic.ttf */ = {isa = PBXFileReference; lastKnownFileType = file; path = "Montserrat-BoldItalic.ttf"; sourceTree = "<group>"; };
		C99BD5412AFF508200B9C43B /* Montserrat-Black.ttf */ = {isa = PBXFileReference; lastKnownFileType = file; path = "Montserrat-Black.ttf"; sourceTree = "<group>"; };
		C99BD5422AFF508200B9C43B /* Montserrat-Light.ttf */ = {isa = PBXFileReference; lastKnownFileType = file; path = "Montserrat-Light.ttf"; sourceTree = "<group>"; };
		C99BD5432AFF508200B9C43B /* Montserrat-Italic.ttf */ = {isa = PBXFileReference; lastKnownFileType = file; path = "Montserrat-Italic.ttf"; sourceTree = "<group>"; };
		C99BD5442AFF508200B9C43B /* Montserrat-Thin.ttf */ = {isa = PBXFileReference; lastKnownFileType = file; path = "Montserrat-Thin.ttf"; sourceTree = "<group>"; };
		C9C0DB642AFF470900C34694 /* QuizApp.app */ = {isa = PBXFileReference; explicitFileType = wrapper.application; includeInIndex = 0; path = QuizApp.app; sourceTree = BUILT_PRODUCTS_DIR; };
		C9C0DB672AFF470900C34694 /* AppDelegate.swift */ = {isa = PBXFileReference; lastKnownFileType = sourcecode.swift; path = AppDelegate.swift; sourceTree = "<group>"; };
		C9C0DB692AFF470900C34694 /* SceneDelegate.swift */ = {isa = PBXFileReference; lastKnownFileType = sourcecode.swift; path = SceneDelegate.swift; sourceTree = "<group>"; };
		C9C0DB6E2AFF470900C34694 /* Base */ = {isa = PBXFileReference; lastKnownFileType = file.storyboard; name = Base; path = Base.lproj/Main.storyboard; sourceTree = "<group>"; };
		C9C0DB702AFF470A00C34694 /* Assets.xcassets */ = {isa = PBXFileReference; lastKnownFileType = folder.assetcatalog; path = Assets.xcassets; sourceTree = "<group>"; };
		C9C0DB732AFF470A00C34694 /* Base */ = {isa = PBXFileReference; lastKnownFileType = file.storyboard; name = Base; path = Base.lproj/LaunchScreen.storyboard; sourceTree = "<group>"; };
		C9C0DB752AFF470A00C34694 /* Info.plist */ = {isa = PBXFileReference; lastKnownFileType = text.plist.xml; path = Info.plist; sourceTree = "<group>"; };
/* End PBXFileReference section */

/* Begin PBXFrameworksBuildPhase section */
		C9C0DB612AFF470900C34694 /* Frameworks */ = {
			isa = PBXFrameworksBuildPhase;
			buildActionMask = 2147483647;
			files = (
				C96F1F342B013A10000F9F51 /* Lottie in Frameworks */,
			);
			runOnlyForDeploymentPostprocessing = 0;
		};
/* End PBXFrameworksBuildPhase section */

/* Begin PBXGroup section */
		1CDB15682B0380B6006DA2EE /* Frameworks */ = {
			isa = PBXGroup;
			children = (
			);
			name = Frameworks;
			sourceTree = "<group>";
		};
		C968EE082B00C052009FFB49 /* Extensions */ = {
			isa = PBXGroup;
			children = (
				C968EE062B00A85F009FFB49 /* UIColor+Extension.swift */,
				C968EE092B00C06C009FFB49 /* UIView+Extension.swift */,
				C96F1F212B0108D7000F9F51 /* UIStoryboard+Extension.swift */,
				1CDB15642B033A56006DA2EE /* String+Extension.swift */,
			);
			path = Extensions;
			sourceTree = "<group>";
		};
		C96F1F232B0109F5000F9F51 /* Views */ = {
			isa = PBXGroup;
			children = (
				C968EE022B00860B009FFB49 /* HomeViewController.swift */,
				1CCA52A42B02268A00796AC0 /* QuestionCollectionViewCell.swift */,
				1CCA52A52B02268A00796AC0 /* QuestionCollectionViewCell.xib */,
				C96F1F242B010A0C000F9F51 /* QuizViewController.swift */,
				1CDB15662B037057006DA2EE /* ScoreAlertViewController.swift */,
			);
			path = Views;
			sourceTree = "<group>";
		};
		C96F1F272B0118BF000F9F51 /* Helper */ = {
			isa = PBXGroup;
			children = (
				C96F1F282B0118F9000F9F51 /* NetworkManager.swift */,
				C96F1F2A2B011C3C000F9F51 /* AppErrors.swift */,
			);
			path = Helper;
			sourceTree = "<group>";
		};
		C96F1F2E2B0127F0000F9F51 /* View Model */ = {
			isa = PBXGroup;
			children = (
				C96F1F2C2B0127E9000F9F51 /* QuizUIViewController+ViewModel.swift */,
			);
			path = "View Model";
			sourceTree = "<group>";
		};
		C96F1F312B012AFE000F9F51 /* Model */ = {
			isa = PBXGroup;
			children = (
				C96F1F2F2B01294A000F9F51 /* Quiz.swift */,
			);
			path = Model;
			sourceTree = "<group>";
		};
		C99BD5572AFF509600B9C43B /* Fonts */ = {
			isa = PBXGroup;
			children = (
				C99BD5412AFF508200B9C43B /* Montserrat-Black.ttf */,
				C99BD5382AFF508200B9C43B /* Montserrat-BlackItalic.ttf */,
				C99BD5392AFF508200B9C43B /* Montserrat-Bold.ttf */,
				C99BD5402AFF508200B9C43B /* Montserrat-BoldItalic.ttf */,
				C99BD5372AFF508200B9C43B /* Montserrat-ExtraBold.ttf */,
				C99BD5362AFF508200B9C43B /* Montserrat-ExtraBoldItalic.ttf */,
				C99BD53F2AFF508200B9C43B /* Montserrat-ExtraLight.ttf */,
				C99BD5332AFF508100B9C43B /* Montserrat-ExtraLightItalic.ttf */,
				C99BD5432AFF508200B9C43B /* Montserrat-Italic.ttf */,
				C99BD5422AFF508200B9C43B /* Montserrat-Light.ttf */,
				C99BD53C2AFF508200B9C43B /* Montserrat-LightItalic.ttf */,
				C99BD53A2AFF508200B9C43B /* Montserrat-Medium.ttf */,
				C99BD53E2AFF508200B9C43B /* Montserrat-MediumItalic.ttf */,
				C99BD53D2AFF508200B9C43B /* Montserrat-Regular.ttf */,
				C99BD53B2AFF508200B9C43B /* Montserrat-SemiBold.ttf */,
				C99BD5342AFF508100B9C43B /* Montserrat-SemiBoldItalic.ttf */,
				C99BD5442AFF508200B9C43B /* Montserrat-Thin.ttf */,
				C99BD5352AFF508100B9C43B /* Montserrat-ThinItalic.ttf */,
			);
			path = Fonts;
			sourceTree = "<group>";
		};
		C9C0DB5B2AFF470900C34694 = {
			isa = PBXGroup;
			children = (
				C9C0DB662AFF470900C34694 /* QuizApp */,
				C9C0DB652AFF470900C34694 /* Products */,
				1CDB15682B0380B6006DA2EE /* Frameworks */,
			);
			sourceTree = "<group>";
		};
		C9C0DB652AFF470900C34694 /* Products */ = {
			isa = PBXGroup;
			children = (
				C9C0DB642AFF470900C34694 /* QuizApp.app */,
			);
			name = Products;
			sourceTree = "<group>";
		};
		C9C0DB662AFF470900C34694 /* QuizApp */ = {
			isa = PBXGroup;
			children = (
				C9C0DB672AFF470900C34694 /* AppDelegate.swift */,
				C9C0DB692AFF470900C34694 /* SceneDelegate.swift */,
				C96F1F232B0109F5000F9F51 /* Views */,
				C96F1F2E2B0127F0000F9F51 /* View Model */,
				C96F1F312B012AFE000F9F51 /* Model */,
				C968EE082B00C052009FFB49 /* Extensions */,
				C96F1F272B0118BF000F9F51 /* Helper */,
				C9C0DB6D2AFF470900C34694 /* Main.storyboard */,
				C9C0DB702AFF470A00C34694 /* Assets.xcassets */,
				C96F1F372B013B70000F9F51 /* quiAnimationTwo.json */,
				C9C0DB722AFF470A00C34694 /* LaunchScreen.storyboard */,
				C9C0DB752AFF470A00C34694 /* Info.plist */,
				C99BD5572AFF509600B9C43B /* Fonts */,
			);
			path = QuizApp;
			sourceTree = "<group>";
		};
/* End PBXGroup section */

/* Begin PBXNativeTarget section */
		C9C0DB632AFF470900C34694 /* QuizApp */ = {
			isa = PBXNativeTarget;
			buildConfigurationList = C9C0DB782AFF470A00C34694 /* Build configuration list for PBXNativeTarget "QuizApp" */;
			buildPhases = (
				C9C0DB602AFF470900C34694 /* Sources */,
				C9C0DB612AFF470900C34694 /* Frameworks */,
				C9C0DB622AFF470900C34694 /* Resources */,
			);
			buildRules = (
			);
			dependencies = (
			);
			name = QuizApp;
			packageProductDependencies = (
				C96F1F332B013A10000F9F51 /* Lottie */,
			);
			productName = QuizApp;
			productReference = C9C0DB642AFF470900C34694 /* QuizApp.app */;
			productType = "com.apple.product-type.application";
		};
/* End PBXNativeTarget section */

/* Begin PBXProject section */
		C9C0DB5C2AFF470900C34694 /* Project object */ = {
			isa = PBXProject;
			attributes = {
				BuildIndependentTargetsInParallel = 1;
				LastSwiftUpdateCheck = 1500;
				LastUpgradeCheck = 1500;
				TargetAttributes = {
					C9C0DB632AFF470900C34694 = {
						CreatedOnToolsVersion = 15.0.1;
					};
				};
			};
			buildConfigurationList = C9C0DB5F2AFF470900C34694 /* Build configuration list for PBXProject "QuizApp" */;
			compatibilityVersion = "Xcode 14.0";
			developmentRegion = en;
			hasScannedForEncodings = 0;
			knownRegions = (
				en,
				Base,
			);
			mainGroup = C9C0DB5B2AFF470900C34694;
			packageReferences = (
				C96F1F322B013A10000F9F51 /* XCRemoteSwiftPackageReference "lottie-ios" */,
			);
			productRefGroup = C9C0DB652AFF470900C34694 /* Products */;
			projectDirPath = "";
			projectRoot = "";
			targets = (
				C9C0DB632AFF470900C34694 /* QuizApp */,
			);
		};
/* End PBXProject section */

/* Begin PBXResourcesBuildPhase section */
		C9C0DB622AFF470900C34694 /* Resources */ = {
			isa = PBXResourcesBuildPhase;
			buildActionMask = 2147483647;
			files = (
				C99BD54B2AFF508200B9C43B /* Montserrat-Bold.ttf in Resources */,
				C99BD54A2AFF508200B9C43B /* Montserrat-BlackItalic.ttf in Resources */,
				C99BD54F2AFF508200B9C43B /* Montserrat-Regular.ttf in Resources */,
				C99BD5522AFF508200B9C43B /* Montserrat-BoldItalic.ttf in Resources */,
				C99BD54E2AFF508200B9C43B /* Montserrat-LightItalic.ttf in Resources */,
				C9C0DB742AFF470A00C34694 /* LaunchScreen.storyboard in Resources */,
				C99BD5452AFF508200B9C43B /* Montserrat-ExtraLightItalic.ttf in Resources */,
				C99BD5472AFF508200B9C43B /* Montserrat-ThinItalic.ttf in Resources */,
				C9C0DB712AFF470A00C34694 /* Assets.xcassets in Resources */,
				C99BD54D2AFF508200B9C43B /* Montserrat-SemiBold.ttf in Resources */,
				C99BD5482AFF508200B9C43B /* Montserrat-ExtraBoldItalic.ttf in Resources */,
				C99BD5502AFF508200B9C43B /* Montserrat-MediumItalic.ttf in Resources */,
				C99BD5492AFF508200B9C43B /* Montserrat-ExtraBold.ttf in Resources */,
				C96F1F382B013B70000F9F51 /* quiAnimationTwo.json in Resources */,
				C99BD5562AFF508200B9C43B /* Montserrat-Thin.ttf in Resources */,
				1CCA52A72B02268A00796AC0 /* QuestionCollectionViewCell.xib in Resources */,
				C99BD5462AFF508200B9C43B /* Montserrat-SemiBoldItalic.ttf in Resources */,
				C99BD5512AFF508200B9C43B /* Montserrat-ExtraLight.ttf in Resources */,
				C99BD5552AFF508200B9C43B /* Montserrat-Italic.ttf in Resources */,
				C99BD54C2AFF508200B9C43B /* Montserrat-Medium.ttf in Resources */,
				C99BD5542AFF508200B9C43B /* Montserrat-Light.ttf in Resources */,
				C9C0DB6F2AFF470900C34694 /* Main.storyboard in Resources */,
				C99BD5532AFF508200B9C43B /* Montserrat-Black.ttf in Resources */,
			);
			runOnlyForDeploymentPostprocessing = 0;
		};
/* End PBXResourcesBuildPhase section */

/* Begin PBXSourcesBuildPhase section */
		C9C0DB602AFF470900C34694 /* Sources */ = {
			isa = PBXSourcesBuildPhase;
			buildActionMask = 2147483647;
			files = (
				C9C0DB682AFF470900C34694 /* AppDelegate.swift in Sources */,
				C96F1F252B010A0C000F9F51 /* QuizViewController.swift in Sources */,
				C9C0DB6A2AFF470900C34694 /* SceneDelegate.swift in Sources */,
				C96F1F2B2B011C3C000F9F51 /* AppErrors.swift in Sources */,
				1CDB15672B037057006DA2EE /* ScoreAlertViewController.swift in Sources */,
				1CCA52A62B02268A00796AC0 /* QuestionCollectionViewCell.swift in Sources */,
				C96F1F222B0108D7000F9F51 /* UIStoryboard+Extension.swift in Sources */,
				1CDB15652B033A56006DA2EE /* String+Extension.swift in Sources */,
				C96F1F292B0118F9000F9F51 /* NetworkManager.swift in Sources */,
				C96F1F2D2B0127E9000F9F51 /* QuizUIViewController+ViewModel.swift in Sources */,
				C96F1F302B01294A000F9F51 /* Quiz.swift in Sources */,
				C968EE032B00860B009FFB49 /* HomeViewController.swift in Sources */,
				C968EE0A2B00C06C009FFB49 /* UIView+Extension.swift in Sources */,
				C968EE072B00A85F009FFB49 /* UIColor+Extension.swift in Sources */,
			);
			runOnlyForDeploymentPostprocessing = 0;
		};
/* End PBXSourcesBuildPhase section */

/* Begin PBXVariantGroup section */
		C9C0DB6D2AFF470900C34694 /* Main.storyboard */ = {
			isa = PBXVariantGroup;
			children = (
				C9C0DB6E2AFF470900C34694 /* Base */,
			);
			name = Main.storyboard;
			sourceTree = "<group>";
		};
		C9C0DB722AFF470A00C34694 /* LaunchScreen.storyboard */ = {
			isa = PBXVariantGroup;
			children = (
				C9C0DB732AFF470A00C34694 /* Base */,
			);
			name = LaunchScreen.storyboard;
			sourceTree = "<group>";
		};
/* End PBXVariantGroup section */

/* Begin XCBuildConfiguration section */
		C9C0DB762AFF470A00C34694 /* Debug */ = {
			isa = XCBuildConfiguration;
			buildSettings = {
				ALWAYS_SEARCH_USER_PATHS = NO;
				ASSETCATALOG_COMPILER_GENERATE_SWIFT_ASSET_SYMBOL_EXTENSIONS = YES;
				CLANG_ANALYZER_NONNULL = YES;
				CLANG_ANALYZER_NUMBER_OBJECT_CONVERSION = YES_AGGRESSIVE;
				CLANG_CXX_LANGUAGE_STANDARD = "gnu++20";
				CLANG_ENABLE_MODULES = YES;
				CLANG_ENABLE_OBJC_ARC = YES;
				CLANG_ENABLE_OBJC_WEAK = YES;
				CLANG_WARN_BLOCK_CAPTURE_AUTORELEASING = YES;
				CLANG_WARN_BOOL_CONVERSION = YES;
				CLANG_WARN_COMMA = YES;
				CLANG_WARN_CONSTANT_CONVERSION = YES;
				CLANG_WARN_DEPRECATED_OBJC_IMPLEMENTATIONS = YES;
				CLANG_WARN_DIRECT_OBJC_ISA_USAGE = YES_ERROR;
				CLANG_WARN_DOCUMENTATION_COMMENTS = YES;
				CLANG_WARN_EMPTY_BODY = YES;
				CLANG_WARN_ENUM_CONVERSION = YES;
				CLANG_WARN_INFINITE_RECURSION = YES;
				CLANG_WARN_INT_CONVERSION = YES;
				CLANG_WARN_NON_LITERAL_NULL_CONVERSION = YES;
				CLANG_WARN_OBJC_IMPLICIT_RETAIN_SELF = YES;
				CLANG_WARN_OBJC_LITERAL_CONVERSION = YES;
				CLANG_WARN_OBJC_ROOT_CLASS = YES_ERROR;
				CLANG_WARN_QUOTED_INCLUDE_IN_FRAMEWORK_HEADER = YES;
				CLANG_WARN_RANGE_LOOP_ANALYSIS = YES;
				CLANG_WARN_STRICT_PROTOTYPES = YES;
				CLANG_WARN_SUSPICIOUS_MOVE = YES;
				CLANG_WARN_UNGUARDED_AVAILABILITY = YES_AGGRESSIVE;
				CLANG_WARN_UNREACHABLE_CODE = YES;
				CLANG_WARN__DUPLICATE_METHOD_MATCH = YES;
				COPY_PHASE_STRIP = NO;
				DEBUG_INFORMATION_FORMAT = dwarf;
				ENABLE_STRICT_OBJC_MSGSEND = YES;
				ENABLE_TESTABILITY = YES;
				ENABLE_USER_SCRIPT_SANDBOXING = YES;
				GCC_C_LANGUAGE_STANDARD = gnu17;
				GCC_DYNAMIC_NO_PIC = NO;
				GCC_NO_COMMON_BLOCKS = YES;
				GCC_OPTIMIZATION_LEVEL = 0;
				GCC_PREPROCESSOR_DEFINITIONS = (
					"DEBUG=1",
					"$(inherited)",
				);
				GCC_WARN_64_TO_32_BIT_CONVERSION = YES;
				GCC_WARN_ABOUT_RETURN_TYPE = YES_ERROR;
				GCC_WARN_UNDECLARED_SELECTOR = YES;
				GCC_WARN_UNINITIALIZED_AUTOS = YES_AGGRESSIVE;
				GCC_WARN_UNUSED_FUNCTION = YES;
				GCC_WARN_UNUSED_VARIABLE = YES;
				IPHONEOS_DEPLOYMENT_TARGET = 17.0;
				LOCALIZATION_PREFERS_STRING_CATALOGS = YES;
				MTL_ENABLE_DEBUG_INFO = INCLUDE_SOURCE;
				MTL_FAST_MATH = YES;
				ONLY_ACTIVE_ARCH = YES;
				SDKROOT = iphoneos;
				SWIFT_ACTIVE_COMPILATION_CONDITIONS = "DEBUG $(inherited)";
				SWIFT_OPTIMIZATION_LEVEL = "-Onone";
			};
			name = Debug;
		};
		C9C0DB772AFF470A00C34694 /* Release */ = {
			isa = XCBuildConfiguration;
			buildSettings = {
				ALWAYS_SEARCH_USER_PATHS = NO;
				ASSETCATALOG_COMPILER_GENERATE_SWIFT_ASSET_SYMBOL_EXTENSIONS = YES;
				CLANG_ANALYZER_NONNULL = YES;
				CLANG_ANALYZER_NUMBER_OBJECT_CONVERSION = YES_AGGRESSIVE;
				CLANG_CXX_LANGUAGE_STANDARD = "gnu++20";
				CLANG_ENABLE_MODULES = YES;
				CLANG_ENABLE_OBJC_ARC = YES;
				CLANG_ENABLE_OBJC_WEAK = YES;
				CLANG_WARN_BLOCK_CAPTURE_AUTORELEASING = YES;
				CLANG_WARN_BOOL_CONVERSION = YES;
				CLANG_WARN_COMMA = YES;
				CLANG_WARN_CONSTANT_CONVERSION = YES;
				CLANG_WARN_DEPRECATED_OBJC_IMPLEMENTATIONS = YES;
				CLANG_WARN_DIRECT_OBJC_ISA_USAGE = YES_ERROR;
				CLANG_WARN_DOCUMENTATION_COMMENTS = YES;
				CLANG_WARN_EMPTY_BODY = YES;
				CLANG_WARN_ENUM_CONVERSION = YES;
				CLANG_WARN_INFINITE_RECURSION = YES;
				CLANG_WARN_INT_CONVERSION = YES;
				CLANG_WARN_NON_LITERAL_NULL_CONVERSION = YES;
				CLANG_WARN_OBJC_IMPLICIT_RETAIN_SELF = YES;
				CLANG_WARN_OBJC_LITERAL_CONVERSION = YES;
				CLANG_WARN_OBJC_ROOT_CLASS = YES_ERROR;
				CLANG_WARN_QUOTED_INCLUDE_IN_FRAMEWORK_HEADER = YES;
				CLANG_WARN_RANGE_LOOP_ANALYSIS = YES;
				CLANG_WARN_STRICT_PROTOTYPES = YES;
				CLANG_WARN_SUSPICIOUS_MOVE = YES;
				CLANG_WARN_UNGUARDED_AVAILABILITY = YES_AGGRESSIVE;
				CLANG_WARN_UNREACHABLE_CODE = YES;
				CLANG_WARN__DUPLICATE_METHOD_MATCH = YES;
				COPY_PHASE_STRIP = NO;
				DEBUG_INFORMATION_FORMAT = "dwarf-with-dsym";
				ENABLE_NS_ASSERTIONS = NO;
				ENABLE_STRICT_OBJC_MSGSEND = YES;
				ENABLE_USER_SCRIPT_SANDBOXING = YES;
				GCC_C_LANGUAGE_STANDARD = gnu17;
				GCC_NO_COMMON_BLOCKS = YES;
				GCC_WARN_64_TO_32_BIT_CONVERSION = YES;
				GCC_WARN_ABOUT_RETURN_TYPE = YES_ERROR;
				GCC_WARN_UNDECLARED_SELECTOR = YES;
				GCC_WARN_UNINITIALIZED_AUTOS = YES_AGGRESSIVE;
				GCC_WARN_UNUSED_FUNCTION = YES;
				GCC_WARN_UNUSED_VARIABLE = YES;
				IPHONEOS_DEPLOYMENT_TARGET = 17.0;
				LOCALIZATION_PREFERS_STRING_CATALOGS = YES;
				MTL_ENABLE_DEBUG_INFO = NO;
				MTL_FAST_MATH = YES;
				SDKROOT = iphoneos;
				SWIFT_COMPILATION_MODE = wholemodule;
				VALIDATE_PRODUCT = YES;
			};
			name = Release;
		};
		C9C0DB792AFF470A00C34694 /* Debug */ = {
			isa = XCBuildConfiguration;
			buildSettings = {
				ASSETCATALOG_COMPILER_APPICON_NAME = AppIcon;
				ASSETCATALOG_COMPILER_GLOBAL_ACCENT_COLOR_NAME = AccentColor;
				CODE_SIGN_IDENTITY = "Apple Development";
				CODE_SIGN_STYLE = Automatic;
				CURRENT_PROJECT_VERSION = 1;
				DEVELOPMENT_TEAM = 53C3L492D5;
				GENERATE_INFOPLIST_FILE = YES;
				INFOPLIST_FILE = QuizApp/Info.plist;
				INFOPLIST_KEY_CFBundleDisplayName = "Quiz App";
				INFOPLIST_KEY_UIApplicationSupportsIndirectInputEvents = YES;
				INFOPLIST_KEY_UILaunchStoryboardName = LaunchScreen;
				INFOPLIST_KEY_UIMainStoryboardFile = Main;
				INFOPLIST_KEY_UIRequiresFullScreen = YES;
				INFOPLIST_KEY_UISupportedInterfaceOrientations = UIInterfaceOrientationPortrait;
				INFOPLIST_KEY_UISupportedInterfaceOrientations_iPad = "UIInterfaceOrientationPortrait UIInterfaceOrientationPortraitUpsideDown";
				LD_RUNPATH_SEARCH_PATHS = (
					"$(inherited)",
					"@executable_path/Frameworks",
				);
				MARKETING_VERSION = 1.0;
				PRODUCT_BUNDLE_IDENTIFIER = com.rohan.QuizApp;
				PRODUCT_NAME = "$(TARGET_NAME)";
				PROVISIONING_PROFILE_SPECIFIER = "";
				SWIFT_EMIT_LOC_STRINGS = YES;
				SWIFT_VERSION = 5.0;
				TARGETED_DEVICE_FAMILY = "1,2";
			};
			name = Debug;
		};
		C9C0DB7A2AFF470A00C34694 /* Release */ = {
			isa = XCBuildConfiguration;
			buildSettings = {
				ASSETCATALOG_COMPILER_APPICON_NAME = AppIcon;
				ASSETCATALOG_COMPILER_GLOBAL_ACCENT_COLOR_NAME = AccentColor;
				CODE_SIGN_IDENTITY = "Apple Development";
				CODE_SIGN_STYLE = Automatic;
				CURRENT_PROJECT_VERSION = 1;
				DEVELOPMENT_TEAM = 53C3L492D5;
				GENERATE_INFOPLIST_FILE = YES;
				INFOPLIST_FILE = QuizApp/Info.plist;
				INFOPLIST_KEY_CFBundleDisplayName = "Quiz App";
				INFOPLIST_KEY_UIApplicationSupportsIndirectInputEvents = YES;
				INFOPLIST_KEY_UILaunchStoryboardName = LaunchScreen;
				INFOPLIST_KEY_UIMainStoryboardFile = Main;
				INFOPLIST_KEY_UIRequiresFullScreen = YES;
				INFOPLIST_KEY_UISupportedInterfaceOrientations = UIInterfaceOrientationPortrait;
				INFOPLIST_KEY_UISupportedInterfaceOrientations_iPad = "UIInterfaceOrientationPortrait UIInterfaceOrientationPortraitUpsideDown";
				LD_RUNPATH_SEARCH_PATHS = (
					"$(inherited)",
					"@executable_path/Frameworks",
				);
				MARKETING_VERSION = 1.0;
				PRODUCT_BUNDLE_IDENTIFIER = com.rohan.QuizApp;
				PRODUCT_NAME = "$(TARGET_NAME)";
				PROVISIONING_PROFILE_SPECIFIER = "";
				SWIFT_EMIT_LOC_STRINGS = YES;
				SWIFT_VERSION = 5.0;
				TARGETED_DEVICE_FAMILY = "1,2";
			};
			name = Release;
		};
/* End XCBuildConfiguration section */

/* Begin XCConfigurationList section */
		C9C0DB5F2AFF470900C34694 /* Build configuration list for PBXProject "QuizApp" */ = {
			isa = XCConfigurationList;
			buildConfigurations = (
				C9C0DB762AFF470A00C34694 /* Debug */,
				C9C0DB772AFF470A00C34694 /* Release */,
			);
			defaultConfigurationIsVisible = 0;
			defaultConfigurationName = Release;
		};
		C9C0DB782AFF470A00C34694 /* Build configuration list for PBXNativeTarget "QuizApp" */ = {
			isa = XCConfigurationList;
			buildConfigurations = (
				C9C0DB792AFF470A00C34694 /* Debug */,
				C9C0DB7A2AFF470A00C34694 /* Release */,
			);
			defaultConfigurationIsVisible = 0;
			defaultConfigurationName = Release;
		};
/* End XCConfigurationList section */

/* Begin XCRemoteSwiftPackageReference section */
		C96F1F322B013A10000F9F51 /* XCRemoteSwiftPackageReference "lottie-ios" */ = {
			isa = XCRemoteSwiftPackageReference;
			repositoryURL = "https://github.com/airbnb/lottie-ios.git";
			requirement = {
				kind = upToNextMajorVersion;
				minimumVersion = 4.3.3;
			};
		};
/* End XCRemoteSwiftPackageReference section */

/* Begin XCSwiftPackageProductDependency section */
		C96F1F332B013A10000F9F51 /* Lottie */ = {
			isa = XCSwiftPackageProductDependency;
			package = C96F1F322B013A10000F9F51 /* XCRemoteSwiftPackageReference "lottie-ios" */;
			productName = Lottie;
		};
/* End XCSwiftPackageProductDependency section */
	};
	rootObject = C9C0DB5C2AFF470900C34694 /* Project object */;
}
